// !$*UTF8*$!
{
	archiveVersion = 1;
	classes = {
	};
	objectVersion = 56;
	objects = {

/* Begin PBXBuildFile section */
		33720CFC29CF32B10055D5A7 /* read_config.swift in Sources */ = {isa = PBXBuildFile; fileRef = 33720CFB29CF32B10055D5A7 /* read_config.swift */; };
		33720CFF29CF34840055D5A7 /* Yams in Frameworks */ = {isa = PBXBuildFile; productRef = 33720CFE29CF34840055D5A7 /* Yams */; };
		33720D0329CF3A350055D5A7 /* oco_file_parser.swift in Sources */ = {isa = PBXBuildFile; fileRef = 33720D0229CF3A350055D5A7 /* oco_file_parser.swift */; };
		33720D0629CF3A5F0055D5A7 /* SwiftCSV in Frameworks */ = {isa = PBXBuildFile; productRef = 33720D0529CF3A5F0055D5A7 /* SwiftCSV */; };
		33720D0829CF3D540055D5A7 /* DataParser.swift in Sources */ = {isa = PBXBuildFile; fileRef = 33720D0729CF3D540055D5A7 /* DataParser.swift */; };
		33720D0B29CF40970055D5A7 /* CodableCSV in Frameworks */ = {isa = PBXBuildFile; productRef = 33720D0A29CF40970055D5A7 /* CodableCSV */; };
		33720D0D29CF852B0055D5A7 /* test.csv in Resources */ = {isa = PBXBuildFile; fileRef = 33720D0C29CF852B0055D5A7 /* test.csv */; };
		33720D0F29D6D1840055D5A7 /* algo_ml_expression_recognition.swift in Sources */ = {isa = PBXBuildFile; fileRef = 33720D0E29D6D1840055D5A7 /* algo_ml_expression_recognition.swift */; };
		33720D1129D6D5910055D5A7 /*  calculateFeatures.swift in Sources */ = {isa = PBXBuildFile; fileRef = 33720D1029D6D5910055D5A7 /*  calculateFeatures.swift */; };
		33720D1329D70E240055D5A7 /* test_outputs.swift in Sources */ = {isa = PBXBuildFile; fileRef = 33720D1229D70E240055D5A7 /* test_outputs.swift */; };
		33720D1529D70FB60055D5A7 /* input.txt in Resources */ = {isa = PBXBuildFile; fileRef = 33720D1429D70FB60055D5A7 /* input.txt */; };
		33720D1729D712F00055D5A7 /* output.txt in Resources */ = {isa = PBXBuildFile; fileRef = 33720D1629D712F00055D5A7 /* output.txt */; };
		33720D1929D8AD9F0055D5A7 /* output_python.txt in Resources */ = {isa = PBXBuildFile; fileRef = 33720D1829D8AD9F0055D5A7 /* output_python.txt */; };
		338DDE3429CC70BF00FC8ABE /* AppDelegate.swift in Sources */ = {isa = PBXBuildFile; fileRef = 338DDE3329CC70BF00FC8ABE /* AppDelegate.swift */; };
		338DDE3629CC70BF00FC8ABE /* SceneDelegate.swift in Sources */ = {isa = PBXBuildFile; fileRef = 338DDE3529CC70BF00FC8ABE /* SceneDelegate.swift */; };
		338DDE3829CC70BF00FC8ABE /* ViewController.swift in Sources */ = {isa = PBXBuildFile; fileRef = 338DDE3729CC70BF00FC8ABE /* ViewController.swift */; };
		338DDE3B29CC70BF00FC8ABE /* Main.storyboard in Resources */ = {isa = PBXBuildFile; fileRef = 338DDE3929CC70BF00FC8ABE /* Main.storyboard */; };
		338DDE3D29CC70C100FC8ABE /* Assets.xcassets in Resources */ = {isa = PBXBuildFile; fileRef = 338DDE3C29CC70C100FC8ABE /* Assets.xcassets */; };
		338DDE4029CC70C100FC8ABE /* LaunchScreen.storyboard in Resources */ = {isa = PBXBuildFile; fileRef = 338DDE3E29CC70C100FC8ABE /* LaunchScreen.storyboard */; };
		338DDE4829CC71AC00FC8ABE /* expression_recognition_new_detrend_circular_buffer.mlmodel in Sources */ = {isa = PBXBuildFile; fileRef = 338DDE4729CC71AC00FC8ABE /* expression_recognition_new_detrend_circular_buffer.mlmodel */; };
		338DDE4A29CC842300FC8ABE /* expression_recognition_new_detrend_circular_buffer.mlmodel in Sources */ = {isa = PBXBuildFile; fileRef = 338DDE4929CC842300FC8ABE /* expression_recognition_new_detrend_circular_buffer.mlmodel */; };
/* End PBXBuildFile section */

/* Begin PBXFileReference section */
		33720CFB29CF32B10055D5A7 /* read_config.swift */ = {isa = PBXFileReference; lastKnownFileType = sourcecode.swift; path = read_config.swift; sourceTree = "<group>"; };
		33720D0229CF3A350055D5A7 /* oco_file_parser.swift */ = {isa = PBXFileReference; lastKnownFileType = sourcecode.swift; path = oco_file_parser.swift; sourceTree = "<group>"; };
		33720D0729CF3D540055D5A7 /* DataParser.swift */ = {isa = PBXFileReference; lastKnownFileType = sourcecode.swift; path = DataParser.swift; sourceTree = "<group>"; };
		33720D0C29CF852B0055D5A7 /* test.csv */ = {isa = PBXFileReference; fileEncoding = 4; lastKnownFileType = text; name = test.csv; path = "../../../Downloads/oco-rt-python/data/test.csv"; sourceTree = "<group>"; };
		33720D0E29D6D1840055D5A7 /* algo_ml_expression_recognition.swift */ = {isa = PBXFileReference; lastKnownFileType = sourcecode.swift; path = algo_ml_expression_recognition.swift; sourceTree = "<group>"; };
		33720D1029D6D5910055D5A7 /*  calculateFeatures.swift */ = {isa = PBXFileReference; lastKnownFileType = sourcecode.swift; path = " calculateFeatures.swift"; sourceTree = "<group>"; };
		33720D1229D70E240055D5A7 /* test_outputs.swift */ = {isa = PBXFileReference; lastKnownFileType = sourcecode.swift; path = test_outputs.swift; sourceTree = "<group>"; };
		33720D1429D70FB60055D5A7 /* input.txt */ = {isa = PBXFileReference; fileEncoding = 4; lastKnownFileType = text; name = input.txt; path = "../../../Downloads/oco-rt-python/input.txt"; sourceTree = "<group>"; };
		33720D1629D712F00055D5A7 /* output.txt */ = {isa = PBXFileReference; fileEncoding = 4; lastKnownFileType = text; name = output.txt; path = ../../output.txt; sourceTree = "<group>"; };
		33720D1829D8AD9F0055D5A7 /* output_python.txt */ = {isa = PBXFileReference; fileEncoding = 4; lastKnownFileType = text; name = output_python.txt; path = "../../../Downloads/oco-rt-python/output_python.txt"; sourceTree = "<group>"; };
		338DDE3029CC70BF00FC8ABE /* core_ml_emteq.app */ = {isa = PBXFileReference; explicitFileType = wrapper.application; includeInIndex = 0; path = core_ml_emteq.app; sourceTree = BUILT_PRODUCTS_DIR; };
		338DDE3329CC70BF00FC8ABE /* AppDelegate.swift */ = {isa = PBXFileReference; lastKnownFileType = sourcecode.swift; path = AppDelegate.swift; sourceTree = "<group>"; };
		338DDE3529CC70BF00FC8ABE /* SceneDelegate.swift */ = {isa = PBXFileReference; lastKnownFileType = sourcecode.swift; path = SceneDelegate.swift; sourceTree = "<group>"; };
		338DDE3729CC70BF00FC8ABE /* ViewController.swift */ = {isa = PBXFileReference; lastKnownFileType = sourcecode.swift; path = ViewController.swift; sourceTree = "<group>"; };
		338DDE3A29CC70BF00FC8ABE /* Base */ = {isa = PBXFileReference; lastKnownFileType = file.storyboard; name = Base; path = Base.lproj/Main.storyboard; sourceTree = "<group>"; };
		338DDE3C29CC70C100FC8ABE /* Assets.xcassets */ = {isa = PBXFileReference; lastKnownFileType = folder.assetcatalog; path = Assets.xcassets; sourceTree = "<group>"; };
		338DDE3F29CC70C100FC8ABE /* Base */ = {isa = PBXFileReference; lastKnownFileType = file.storyboard; name = Base; path = Base.lproj/LaunchScreen.storyboard; sourceTree = "<group>"; };
		338DDE4129CC70C100FC8ABE /* Info.plist */ = {isa = PBXFileReference; lastKnownFileType = text.plist.xml; path = Info.plist; sourceTree = "<group>"; };
		338DDE4729CC71AC00FC8ABE /* expression_recognition_new_detrend_circular_buffer.mlmodel */ = {isa = PBXFileReference; lastKnownFileType = file.mlmodel; name = expression_recognition_new_detrend_circular_buffer.mlmodel; path = "../../../Downloads/oco-rt-python/expression_recognition_new_detrend_circular_buffer.mlmodel"; sourceTree = "<group>"; };
		338DDE4929CC842300FC8ABE /* expression_recognition_new_detrend_circular_buffer.mlmodel */ = {isa = PBXFileReference; lastKnownFileType = file.mlmodel; name = expression_recognition_new_detrend_circular_buffer.mlmodel; path = "../../../Downloads/oco-rt-python/expression_recognition_new_detrend_circular_buffer.mlmodel"; sourceTree = "<group>"; };
/* End PBXFileReference section */

/* Begin PBXFrameworksBuildPhase section */
		338DDE2D29CC70BF00FC8ABE /* Frameworks */ = {
			isa = PBXFrameworksBuildPhase;
			buildActionMask = 2147483647;
			files = (
				33720CFF29CF34840055D5A7 /* Yams in Frameworks */,
				33720D0B29CF40970055D5A7 /* CodableCSV in Frameworks */,
				33720D0629CF3A5F0055D5A7 /* SwiftCSV in Frameworks */,
			);
			runOnlyForDeploymentPostprocessing = 0;
		};
/* End PBXFrameworksBuildPhase section */

/* Begin PBXGroup section */
		338DDE2729CC70BF00FC8ABE = {
			isa = PBXGroup;
			children = (
				338DDE3229CC70BF00FC8ABE /* core_ml_emteq */,
				338DDE3129CC70BF00FC8ABE /* Products */,
			);
			sourceTree = "<group>";
		};
		338DDE3129CC70BF00FC8ABE /* Products */ = {
			isa = PBXGroup;
			children = (
				338DDE3029CC70BF00FC8ABE /* core_ml_emteq.app */,
			);
			name = Products;
			sourceTree = "<group>";
		};
		338DDE3229CC70BF00FC8ABE /* core_ml_emteq */ = {
			isa = PBXGroup;
			children = (
				33720D1829D8AD9F0055D5A7 /* output_python.txt */,
				33720D1629D712F00055D5A7 /* output.txt */,
				33720D1429D70FB60055D5A7 /* input.txt */,
				33720D0C29CF852B0055D5A7 /* test.csv */,
				338DDE4729CC71AC00FC8ABE /* expression_recognition_new_detrend_circular_buffer.mlmodel */,
				338DDE4929CC842300FC8ABE /* expression_recognition_new_detrend_circular_buffer.mlmodel */,
				338DDE3329CC70BF00FC8ABE /* AppDelegate.swift */,
				338DDE3529CC70BF00FC8ABE /* SceneDelegate.swift */,
				338DDE3729CC70BF00FC8ABE /* ViewController.swift */,
				33720D1229D70E240055D5A7 /* test_outputs.swift */,
				33720CFB29CF32B10055D5A7 /* read_config.swift */,
				33720D0229CF3A350055D5A7 /* oco_file_parser.swift */,
				33720D0E29D6D1840055D5A7 /* algo_ml_expression_recognition.swift */,
				33720D1029D6D5910055D5A7 /*  calculateFeatures.swift */,
				33720D0729CF3D540055D5A7 /* DataParser.swift */,
				338DDE3929CC70BF00FC8ABE /* Main.storyboard */,
				338DDE3C29CC70C100FC8ABE /* Assets.xcassets */,
				338DDE3E29CC70C100FC8ABE /* LaunchScreen.storyboard */,
				338DDE4129CC70C100FC8ABE /* Info.plist */,
			);
			path = core_ml_emteq;
			sourceTree = "<group>";
		};
/* End PBXGroup section */

/* Begin PBXNativeTarget section */
		338DDE2F29CC70BF00FC8ABE /* core_ml_emteq */ = {
			isa = PBXNativeTarget;
			buildConfigurationList = 338DDE4429CC70C100FC8ABE /* Build configuration list for PBXNativeTarget "core_ml_emteq" */;
			buildPhases = (
				338DDE2C29CC70BF00FC8ABE /* Sources */,
				338DDE2D29CC70BF00FC8ABE /* Frameworks */,
				338DDE2E29CC70BF00FC8ABE /* Resources */,
			);
			buildRules = (
			);
			dependencies = (
			);
			name = core_ml_emteq;
			packageProductDependencies = (
				33720CFE29CF34840055D5A7 /* Yams */,
				33720D0529CF3A5F0055D5A7 /* SwiftCSV */,
				33720D0A29CF40970055D5A7 /* CodableCSV */,
			);
			productName = core_ml_emteq;
			productReference = 338DDE3029CC70BF00FC8ABE /* core_ml_emteq.app */;
			productType = "com.apple.product-type.application";
		};
/* End PBXNativeTarget section */

/* Begin PBXProject section */
		338DDE2829CC70BF00FC8ABE /* Project object */ = {
			isa = PBXProject;
			attributes = {
				BuildIndependentTargetsInParallel = 1;
				LastSwiftUpdateCheck = 1420;
				LastUpgradeCheck = 1420;
				TargetAttributes = {
					338DDE2F29CC70BF00FC8ABE = {
						CreatedOnToolsVersion = 14.2;
					};
				};
			};
			buildConfigurationList = 338DDE2B29CC70BF00FC8ABE /* Build configuration list for PBXProject "core_ml_emteq" */;
			compatibilityVersion = "Xcode 14.0";
			developmentRegion = en;
			hasScannedForEncodings = 0;
			knownRegions = (
				en,
				Base,
			);
			mainGroup = 338DDE2729CC70BF00FC8ABE;
			packageReferences = (
				33720CFD29CF34840055D5A7 /* XCRemoteSwiftPackageReference "Yams" */,
				33720D0429CF3A5F0055D5A7 /* XCRemoteSwiftPackageReference "SwiftCSV" */,
				33720D0929CF40970055D5A7 /* XCRemoteSwiftPackageReference "CodableCSV" */,
			);
			productRefGroup = 338DDE3129CC70BF00FC8ABE /* Products */;
			projectDirPath = "";
			projectRoot = "";
			targets = (
				338DDE2F29CC70BF00FC8ABE /* core_ml_emteq */,
			);
		};
/* End PBXProject section */

/* Begin PBXResourcesBuildPhase section */
		338DDE2E29CC70BF00FC8ABE /* Resources */ = {
			isa = PBXResourcesBuildPhase;
			buildActionMask = 2147483647;
			files = (
				338DDE4029CC70C100FC8ABE /* LaunchScreen.storyboard in Resources */,
				33720D0D29CF852B0055D5A7 /* test.csv in Resources */,
				338DDE3D29CC70C100FC8ABE /* Assets.xcassets in Resources */,
				33720D1929D8AD9F0055D5A7 /* output_python.txt in Resources */,
				33720D1729D712F00055D5A7 /* output.txt in Resources */,
				338DDE3B29CC70BF00FC8ABE /* Main.storyboard in Resources */,
				33720D1529D70FB60055D5A7 /* input.txt in Resources */,
			);
			runOnlyForDeploymentPostprocessing = 0;
		};
/* End PBXResourcesBuildPhase section */

/* Begin PBXSourcesBuildPhase section */
		338DDE2C29CC70BF00FC8ABE /* Sources */ = {
			isa = PBXSourcesBuildPhase;
			buildActionMask = 2147483647;
			files = (
				33720D1329D70E240055D5A7 /* test_outputs.swift in Sources */,
				338DDE3829CC70BF00FC8ABE /* ViewController.swift in Sources */,
				33720CFC29CF32B10055D5A7 /* read_config.swift in Sources */,
				33720D0829CF3D540055D5A7 /* DataParser.swift in Sources */,
				338DDE4829CC71AC00FC8ABE /* expression_recognition_new_detrend_circular_buffer.mlmodel in Sources */,
				33720D1129D6D5910055D5A7 /*  calculateFeatures.swift in Sources */,
				338DDE3429CC70BF00FC8ABE /* AppDelegate.swift in Sources */,
				33720D0329CF3A350055D5A7 /* oco_file_parser.swift in Sources */,
				33720D0F29D6D1840055D5A7 /* algo_ml_expression_recognition.swift in Sources */,
				338DDE3629CC70BF00FC8ABE /* SceneDelegate.swift in Sources */,
				338DDE4A29CC842300FC8ABE /* expression_recognition_new_detrend_circular_buffer.mlmodel in Sources */,
			);
			runOnlyForDeploymentPostprocessing = 0;
		};
/* End PBXSourcesBuildPhase section */

/* Begin PBXVariantGroup section */
		338DDE3929CC70BF00FC8ABE /* Main.storyboard */ = {
			isa = PBXVariantGroup;
			children = (
				338DDE3A29CC70BF00FC8ABE /* Base */,
			);
			name = Main.storyboard;
			sourceTree = "<group>";
		};
		338DDE3E29CC70C100FC8ABE /* LaunchScreen.storyboard */ = {
			isa = PBXVariantGroup;
			children = (
				338DDE3F29CC70C100FC8ABE /* Base */,
			);
			name = LaunchScreen.storyboard;
			sourceTree = "<group>";
		};
/* End PBXVariantGroup section */

/* Begin XCBuildConfiguration section */
		338DDE4229CC70C100FC8ABE /* Debug */ = {
			isa = XCBuildConfiguration;
			buildSettings = {
				ALWAYS_SEARCH_USER_PATHS = NO;
				CLANG_ANALYZER_NONNULL = YES;
				CLANG_ANALYZER_NUMBER_OBJECT_CONVERSION = YES_AGGRESSIVE;
				CLANG_CXX_LANGUAGE_STANDARD = "gnu++20";
				CLANG_ENABLE_MODULES = YES;
				CLANG_ENABLE_OBJC_ARC = YES;
				CLANG_ENABLE_OBJC_WEAK = YES;
				CLANG_WARN_BLOCK_CAPTURE_AUTORELEASING = YES;
				CLANG_WARN_BOOL_CONVERSION = YES;
				CLANG_WARN_COMMA = YES;
				CLANG_WARN_CONSTANT_CONVERSION = YES;
				CLANG_WARN_DEPRECATED_OBJC_IMPLEMENTATIONS = YES;
				CLANG_WARN_DIRECT_OBJC_ISA_USAGE = YES_ERROR;
				CLANG_WARN_DOCUMENTATION_COMMENTS = YES;
				CLANG_WARN_EMPTY_BODY = YES;
				CLANG_WARN_ENUM_CONVERSION = YES;
				CLANG_WARN_INFINITE_RECURSION = YES;
				CLANG_WARN_INT_CONVERSION = YES;
				CLANG_WARN_NON_LITERAL_NULL_CONVERSION = YES;
				CLANG_WARN_OBJC_IMPLICIT_RETAIN_SELF = YES;
				CLANG_WARN_OBJC_LITERAL_CONVERSION = YES;
				CLANG_WARN_OBJC_ROOT_CLASS = YES_ERROR;
				CLANG_WARN_QUOTED_INCLUDE_IN_FRAMEWORK_HEADER = YES;
				CLANG_WARN_RANGE_LOOP_ANALYSIS = YES;
				CLANG_WARN_STRICT_PROTOTYPES = YES;
				CLANG_WARN_SUSPICIOUS_MOVE = YES;
				CLANG_WARN_UNGUARDED_AVAILABILITY = YES_AGGRESSIVE;
				CLANG_WARN_UNREACHABLE_CODE = YES;
				CLANG_WARN__DUPLICATE_METHOD_MATCH = YES;
				COPY_PHASE_STRIP = NO;
				DEBUG_INFORMATION_FORMAT = dwarf;
				ENABLE_STRICT_OBJC_MSGSEND = YES;
				ENABLE_TESTABILITY = YES;
				GCC_C_LANGUAGE_STANDARD = gnu11;
				GCC_DYNAMIC_NO_PIC = NO;
				GCC_NO_COMMON_BLOCKS = YES;
				GCC_OPTIMIZATION_LEVEL = 0;
				GCC_PREPROCESSOR_DEFINITIONS = (
					"DEBUG=1",
					"$(inherited)",
				);
				GCC_WARN_64_TO_32_BIT_CONVERSION = YES;
				GCC_WARN_ABOUT_RETURN_TYPE = YES_ERROR;
				GCC_WARN_UNDECLARED_SELECTOR = YES;
				GCC_WARN_UNINITIALIZED_AUTOS = YES_AGGRESSIVE;
				GCC_WARN_UNUSED_FUNCTION = YES;
				GCC_WARN_UNUSED_VARIABLE = YES;
				IPHONEOS_DEPLOYMENT_TARGET = 16.2;
				MTL_ENABLE_DEBUG_INFO = INCLUDE_SOURCE;
				MTL_FAST_MATH = YES;
				ONLY_ACTIVE_ARCH = YES;
				SDKROOT = iphoneos;
				SWIFT_ACTIVE_COMPILATION_CONDITIONS = DEBUG;
				SWIFT_OPTIMIZATION_LEVEL = "-Onone";
			};
			name = Debug;
		};
		338DDE4329CC70C100FC8ABE /* Release */ = {
			isa = XCBuildConfiguration;
			buildSettings = {
				ALWAYS_SEARCH_USER_PATHS = NO;
				CLANG_ANALYZER_NONNULL = YES;
				CLANG_ANALYZER_NUMBER_OBJECT_CONVERSION = YES_AGGRESSIVE;
				CLANG_CXX_LANGUAGE_STANDARD = "gnu++20";
				CLANG_ENABLE_MODULES = YES;
				CLANG_ENABLE_OBJC_ARC = YES;
				CLANG_ENABLE_OBJC_WEAK = YES;
				CLANG_WARN_BLOCK_CAPTURE_AUTORELEASING = YES;
				CLANG_WARN_BOOL_CONVERSION = YES;
				CLANG_WARN_COMMA = YES;
				CLANG_WARN_CONSTANT_CONVERSION = YES;
				CLANG_WARN_DEPRECATED_OBJC_IMPLEMENTATIONS = YES;
				CLANG_WARN_DIRECT_OBJC_ISA_USAGE = YES_ERROR;
				CLANG_WARN_DOCUMENTATION_COMMENTS = YES;
				CLANG_WARN_EMPTY_BODY = YES;
				CLANG_WARN_ENUM_CONVERSION = YES;
				CLANG_WARN_INFINITE_RECURSION = YES;
				CLANG_WARN_INT_CONVERSION = YES;
				CLANG_WARN_NON_LITERAL_NULL_CONVERSION = YES;
				CLANG_WARN_OBJC_IMPLICIT_RETAIN_SELF = YES;
				CLANG_WARN_OBJC_LITERAL_CONVERSION = YES;
				CLANG_WARN_OBJC_ROOT_CLASS = YES_ERROR;
				CLANG_WARN_QUOTED_INCLUDE_IN_FRAMEWORK_HEADER = YES;
				CLANG_WARN_RANGE_LOOP_ANALYSIS = YES;
				CLANG_WARN_STRICT_PROTOTYPES = YES;
				CLANG_WARN_SUSPICIOUS_MOVE = YES;
				CLANG_WARN_UNGUARDED_AVAILABILITY = YES_AGGRESSIVE;
				CLANG_WARN_UNREACHABLE_CODE = YES;
				CLANG_WARN__DUPLICATE_METHOD_MATCH = YES;
				COPY_PHASE_STRIP = NO;
				DEBUG_INFORMATION_FORMAT = "dwarf-with-dsym";
				ENABLE_NS_ASSERTIONS = NO;
				ENABLE_STRICT_OBJC_MSGSEND = YES;
				GCC_C_LANGUAGE_STANDARD = gnu11;
				GCC_NO_COMMON_BLOCKS = YES;
				GCC_WARN_64_TO_32_BIT_CONVERSION = YES;
				GCC_WARN_ABOUT_RETURN_TYPE = YES_ERROR;
				GCC_WARN_UNDECLARED_SELECTOR = YES;
				GCC_WARN_UNINITIALIZED_AUTOS = YES_AGGRESSIVE;
				GCC_WARN_UNUSED_FUNCTION = YES;
				GCC_WARN_UNUSED_VARIABLE = YES;
				IPHONEOS_DEPLOYMENT_TARGET = 16.2;
				MTL_ENABLE_DEBUG_INFO = NO;
				MTL_FAST_MATH = YES;
				SDKROOT = iphoneos;
				SWIFT_COMPILATION_MODE = wholemodule;
				SWIFT_OPTIMIZATION_LEVEL = "-O";
				VALIDATE_PRODUCT = YES;
			};
			name = Release;
		};
		338DDE4529CC70C100FC8ABE /* Debug */ = {
			isa = XCBuildConfiguration;
			buildSettings = {
				ASSETCATALOG_COMPILER_APPICON_NAME = AppIcon;
				ASSETCATALOG_COMPILER_GLOBAL_ACCENT_COLOR_NAME = AccentColor;
				CODE_SIGN_STYLE = Automatic;
				CURRENT_PROJECT_VERSION = 1;
				GENERATE_INFOPLIST_FILE = YES;
				INFOPLIST_FILE = core_ml_emteq/Info.plist;
				INFOPLIST_KEY_UIApplicationSupportsIndirectInputEvents = YES;
				INFOPLIST_KEY_UILaunchStoryboardName = LaunchScreen;
				INFOPLIST_KEY_UIMainStoryboardFile = Main;
				INFOPLIST_KEY_UISupportedInterfaceOrientations_iPad = "UIInterfaceOrientationPortrait UIInterfaceOrientationPortraitUpsideDown UIInterfaceOrientationLandscapeLeft UIInterfaceOrientationLandscapeRight";
				INFOPLIST_KEY_UISupportedInterfaceOrientations_iPhone = "UIInterfaceOrientationPortrait UIInterfaceOrientationLandscapeLeft UIInterfaceOrientationLandscapeRight";
				LD_RUNPATH_SEARCH_PATHS = (
					"$(inherited)",
					"@executable_path/Frameworks",
				);
				MARKETING_VERSION = 1.0;
				PRODUCT_BUNDLE_IDENTIFIER = "emteq.core-ml-emteq";
				PRODUCT_NAME = "$(TARGET_NAME)";
				SWIFT_EMIT_LOC_STRINGS = YES;
				SWIFT_VERSION = 5.0;
				TARGETED_DEVICE_FAMILY = "1,2";
			};
			name = Debug;
		};
		338DDE4629CC70C100FC8ABE /* Release */ = {
			isa = XCBuildConfiguration;
			buildSettings = {
				ASSETCATALOG_COMPILER_APPICON_NAME = AppIcon;
				ASSETCATALOG_COMPILER_GLOBAL_ACCENT_COLOR_NAME = AccentColor;
				CODE_SIGN_STYLE = Automatic;
				CURRENT_PROJECT_VERSION = 1;
				GENERATE_INFOPLIST_FILE = YES;
				INFOPLIST_FILE = core_ml_emteq/Info.plist;
				INFOPLIST_KEY_UIApplicationSupportsIndirectInputEvents = YES;
				INFOPLIST_KEY_UILaunchStoryboardName = LaunchScreen;
				INFOPLIST_KEY_UIMainStoryboardFile = Main;
				INFOPLIST_KEY_UISupportedInterfaceOrientations_iPad = "UIInterfaceOrientationPortrait UIInterfaceOrientationPortraitUpsideDown UIInterfaceOrientationLandscapeLeft UIInterfaceOrientationLandscapeRight";
				INFOPLIST_KEY_UISupportedInterfaceOrientations_iPhone = "UIInterfaceOrientationPortrait UIInterfaceOrientationLandscapeLeft UIInterfaceOrientationLandscapeRight";
				LD_RUNPATH_SEARCH_PATHS = (
					"$(inherited)",
					"@executable_path/Frameworks",
				);
				MARKETING_VERSION = 1.0;
				PRODUCT_BUNDLE_IDENTIFIER = "emteq.core-ml-emteq";
				PRODUCT_NAME = "$(TARGET_NAME)";
				SWIFT_EMIT_LOC_STRINGS = YES;
				SWIFT_VERSION = 5.0;
				TARGETED_DEVICE_FAMILY = "1,2";
			};
			name = Release;
		};
/* End XCBuildConfiguration section */

/* Begin XCConfigurationList section */
		338DDE2B29CC70BF00FC8ABE /* Build configuration list for PBXProject "core_ml_emteq" */ = {
			isa = XCConfigurationList;
			buildConfigurations = (
				338DDE4229CC70C100FC8ABE /* Debug */,
				338DDE4329CC70C100FC8ABE /* Release */,
			);
			defaultConfigurationIsVisible = 0;
			defaultConfigurationName = Release;
		};
		338DDE4429CC70C100FC8ABE /* Build configuration list for PBXNativeTarget "core_ml_emteq" */ = {
			isa = XCConfigurationList;
			buildConfigurations = (
				338DDE4529CC70C100FC8ABE /* Debug */,
				338DDE4629CC70C100FC8ABE /* Release */,
			);
			defaultConfigurationIsVisible = 0;
			defaultConfigurationName = Release;
		};
/* End XCConfigurationList section */

/* Begin XCRemoteSwiftPackageReference section */
		33720CFD29CF34840055D5A7 /* XCRemoteSwiftPackageReference "Yams" */ = {
			isa = XCRemoteSwiftPackageReference;
			repositoryURL = "https://github.com/jpsim/Yams.git";
			requirement = {
				kind = upToNextMajorVersion;
				minimumVersion = 5.0.0;
			};
		};
		33720D0429CF3A5F0055D5A7 /* XCRemoteSwiftPackageReference "SwiftCSV" */ = {
			isa = XCRemoteSwiftPackageReference;
			repositoryURL = "https://github.com/swiftcsv/SwiftCSV.git";
			requirement = {
				kind = upToNextMajorVersion;
				minimumVersion = 0.8.1;
			};
		};
		33720D0929CF40970055D5A7 /* XCRemoteSwiftPackageReference "CodableCSV" */ = {
			isa = XCRemoteSwiftPackageReference;
			repositoryURL = "https://github.com/dehesa/CodableCSV";
			requirement = {
				kind = upToNextMajorVersion;
				minimumVersion = 0.6.7;
			};
		};
/* End XCRemoteSwiftPackageReference section */

/* Begin XCSwiftPackageProductDependency section */
		33720CFE29CF34840055D5A7 /* Yams */ = {
			isa = XCSwiftPackageProductDependency;
			package = 33720CFD29CF34840055D5A7 /* XCRemoteSwiftPackageReference "Yams" */;
			productName = Yams;
		};
		33720D0529CF3A5F0055D5A7 /* SwiftCSV */ = {
			isa = XCSwiftPackageProductDependency;
			package = 33720D0429CF3A5F0055D5A7 /* XCRemoteSwiftPackageReference "SwiftCSV" */;
			productName = SwiftCSV;
		};
		33720D0A29CF40970055D5A7 /* CodableCSV */ = {
			isa = XCSwiftPackageProductDependency;
			package = 33720D0929CF40970055D5A7 /* XCRemoteSwiftPackageReference "CodableCSV" */;
			productName = CodableCSV;
		};
/* End XCSwiftPackageProductDependency section */
	};
	rootObject = 338DDE2829CC70BF00FC8ABE /* Project object */;
}
